
Microsoft Visual Studio Solution File, Format Version 12.00
# Visual Studio Version 16
VisualStudioVersion = 16.0.28729.10
MinimumVisualStudioVersion = 10.0.40219.1
Project("{FAE04EC0-301F-11D3-BF4B-00C04F79EFBC}") = "PruebaGithub", "PruebaGithub\PruebaGithub.csproj", "{724DE880-3BB0-4ABE-8BF0-CA66694A915E}"
EndProject
Global
	GlobalSection(SolutionConfigurationPlatforms) = preSolution
		Debug|Any CPU = Debug|Any CPU
		Release|Any CPU = Release|Any CPU
	EndGlobalSection
	GlobalSection(ProjectConfigurationPlatforms) = postSolution
		{724DE880-3BB0-4ABE-8BF0-CA66694A915E}.Debug|Any CPU.ActiveCfg = Debug|Any CPU
		{724DE880-3BB0-4ABE-8BF0-CA66694A915E}.Debug|Any CPU.Build.0 = Debug|Any CPU
		{724DE880-3BB0-4ABE-8BF0-CA66694A915E}.Release|Any CPU.ActiveCfg = Release|Any CPU
		{724DE880-3BB0-4ABE-8BF0-CA66694A915E}.Release|Any CPU.Build.0 = Release|Any CPU
	EndGlobalSection
	GlobalSection(SolutionProperties) = preSolution
		HideSolutionNode = FALSE
	EndGlobalSection
	GlobalSection(ExtensibilityGlobals) = postSolution
		SolutionGuid = {A6217DED-348D-4C63-A624-3CA5A3CA4386}
	EndGlobalSection
EndGlobal
